
Microsoft Visual Studio Solution File, Format Version 12.00
# Visual Studio Version 16
VisualStudioVersion = 16.0.29926.136
MinimumVisualStudioVersion = 10.0.40219.1
Project("{FAE04EC0-301F-11D3-BF4B-00C04F79EFBC}") = "asp.netloginpage", "asp.netloginpage\asp.netloginpage.csproj", "{F3199BEA-6C5A-4800-A33C-AE37BC4E476A}"
EndProject
Global
	GlobalSection(SolutionConfigurationPlatforms) = preSolution
		Debug|Any CPU = Debug|Any CPU
		Release|Any CPU = Release|Any CPU
	EndGlobalSection
	GlobalSection(ProjectConfigurationPlatforms) = postSolution
		{F3199BEA-6C5A-4800-A33C-AE37BC4E476A}.Debug|Any CPU.ActiveCfg = Debug|Any CPU
		{F3199BEA-6C5A-4800-A33C-AE37BC4E476A}.Debug|Any CPU.Build.0 = Debug|Any CPU
		{F3199BEA-6C5A-4800-A33C-AE37BC4E476A}.Release|Any CPU.ActiveCfg = Release|Any CPU
		{F3199BEA-6C5A-4800-A33C-AE37BC4E476A}.Release|Any CPU.Build.0 = Release|Any CPU
	EndGlobalSection
	GlobalSection(SolutionProperties) = preSolution
		HideSolutionNode = FALSE
	EndGlobalSection
	GlobalSection(ExtensibilityGlobals) = postSolution
		SolutionGuid = {6AB81C38-2DAE-425D-81DA-2E5861254C88}
	EndGlobalSection
EndGlobal
